// !$*UTF8*$!
{
	archiveVersion = 1;
	classes = {
	};
	objectVersion = 55;
	objects = {

/* Begin PBXBuildFile section */
		19176EA42945E0A9001CBEE8 /* ProgressHUD in Frameworks */ = {isa = PBXBuildFile; productRef = 19176EA32945E0A9001CBEE8 /* ProgressHUD */; };
		1950476229213AAB00639B75 /* Constants.swift in Sources */ = {isa = PBXBuildFile; fileRef = 1950476129213AAB00639B75 /* Constants.swift */; };
		19504765292144BE00639B75 /* AuthViewController.swift in Sources */ = {isa = PBXBuildFile; fileRef = 19504764292144BE00639B75 /* AuthViewController.swift */; };
		195047672921454800639B75 /* WebViewViewController.swift in Sources */ = {isa = PBXBuildFile; fileRef = 195047662921454800639B75 /* WebViewViewController.swift */; };
		196656BC28F7EA660097356B /* YS Text-Regular.ttf in Resources */ = {isa = PBXBuildFile; fileRef = 196656BB28F7EA660097356B /* YS Text-Regular.ttf */; };
		196D95D8294369CC00E1962A /* UIImage+Extension.swift in Sources */ = {isa = PBXBuildFile; fileRef = 196D95D7294369CC00E1962A /* UIImage+Extension.swift */; };
		196D95DA29436A4000E1962A /* ImageAsset.swift in Sources */ = {isa = PBXBuildFile; fileRef = 196D95D929436A4000E1962A /* ImageAsset.swift */; };
		196D95DC29436CEB00E1962A /* UIColor+Extension.swift in Sources */ = {isa = PBXBuildFile; fileRef = 196D95DB29436CEB00E1962A /* UIColor+Extension.swift */; };
		196D95DE29436D2300E1962A /* ColorAsset.swift in Sources */ = {isa = PBXBuildFile; fileRef = 196D95DD29436D2300E1962A /* ColorAsset.swift */; };
		196D95E029436DCC00E1962A /* FontAsset.swift in Sources */ = {isa = PBXBuildFile; fileRef = 196D95DF29436DCC00E1962A /* FontAsset.swift */; };
		196D95E229436DFF00E1962A /* UIFont+Extension.swift in Sources */ = {isa = PBXBuildFile; fileRef = 196D95E129436DFF00E1962A /* UIFont+Extension.swift */; };
		1973F418294CC1E5001A357B /* NetworkRouting.swift in Sources */ = {isa = PBXBuildFile; fileRef = 1973F417294CC1E5001A357B /* NetworkRouting.swift */; };
		197768B5294883E400262AE5 /* UIBlockingProgressHUD.swift in Sources */ = {isa = PBXBuildFile; fileRef = 197768B4294883E400262AE5 /* UIBlockingProgressHUD.swift */; };
		19833F412926AA140063D6E9 /* OAuthTokenResponse.swift in Sources */ = {isa = PBXBuildFile; fileRef = 19833F402926AA140063D6E9 /* OAuthTokenResponse.swift */; };
		19833F432926AC370063D6E9 /* OAuth2Service.swift in Sources */ = {isa = PBXBuildFile; fileRef = 19833F422926AC370063D6E9 /* OAuth2Service.swift */; };
		19A55A27292B8B32005FF249 /* OAuth2TokenStorage.swift in Sources */ = {isa = PBXBuildFile; fileRef = 19A55A26292B8B32005FF249 /* OAuth2TokenStorage.swift */; };
		19C76ACE28E43CFE0080A069 /* ImagesListCell.swift in Sources */ = {isa = PBXBuildFile; fileRef = 19C76ACD28E43CFE0080A069 /* ImagesListCell.swift */; };
		19C7FF8328DC58BC00374BBD /* AppDelegate.swift in Sources */ = {isa = PBXBuildFile; fileRef = 19C7FF8228DC58BC00374BBD /* AppDelegate.swift */; };
		19C7FF8528DC58BC00374BBD /* SceneDelegate.swift in Sources */ = {isa = PBXBuildFile; fileRef = 19C7FF8428DC58BC00374BBD /* SceneDelegate.swift */; };
		19C7FF8728DC58BC00374BBD /* ImagesListViewController.swift in Sources */ = {isa = PBXBuildFile; fileRef = 19C7FF8628DC58BC00374BBD /* ImagesListViewController.swift */; };
		19C7FF8A28DC58BC00374BBD /* Main.storyboard in Resources */ = {isa = PBXBuildFile; fileRef = 19C7FF8828DC58BC00374BBD /* Main.storyboard */; };
		19C7FF8C28DC58BF00374BBD /* Assets.xcassets in Resources */ = {isa = PBXBuildFile; fileRef = 19C7FF8B28DC58BF00374BBD /* Assets.xcassets */; };
		19C7FF8F28DC58BF00374BBD /* LaunchScreen.storyboard in Resources */ = {isa = PBXBuildFile; fileRef = 19C7FF8D28DC58BF00374BBD /* LaunchScreen.storyboard */; };
		19D1E68228F43D2A0061BA0C /* SingleImageViewController.swift in Sources */ = {isa = PBXBuildFile; fileRef = 19D1E68128F43D2A0061BA0C /* SingleImageViewController.swift */; };
		19E12E8E293771F300A7616A /* SplashViewController.swift in Sources */ = {isa = PBXBuildFile; fileRef = 19E12E8D293771F300A7616A /* SplashViewController.swift */; };
		19E3B6E828E5738D00928689 /* YS Display-Bold.ttf in Resources */ = {isa = PBXBuildFile; fileRef = 19E3B6E628E5738C00928689 /* YS Display-Bold.ttf */; };
		19E3B6E928E5738D00928689 /* YS Display-Medium.ttf in Resources */ = {isa = PBXBuildFile; fileRef = 19E3B6E728E5738D00928689 /* YS Display-Medium.ttf */; };
		19EA173628F2D40B0021FBCC /* ProfileViewController.swift in Sources */ = {isa = PBXBuildFile; fileRef = 19EA173528F2D40B0021FBCC /* ProfileViewController.swift */; };
/* End PBXBuildFile section */

/* Begin PBXFileReference section */
		1950476129213AAB00639B75 /* Constants.swift */ = {isa = PBXFileReference; lastKnownFileType = sourcecode.swift; path = Constants.swift; sourceTree = "<group>"; };
		19504764292144BE00639B75 /* AuthViewController.swift */ = {isa = PBXFileReference; lastKnownFileType = sourcecode.swift; path = AuthViewController.swift; sourceTree = "<group>"; };
		195047662921454800639B75 /* WebViewViewController.swift */ = {isa = PBXFileReference; lastKnownFileType = sourcecode.swift; path = WebViewViewController.swift; sourceTree = "<group>"; };
		196656BB28F7EA660097356B /* YS Text-Regular.ttf */ = {isa = PBXFileReference; lastKnownFileType = file; path = "YS Text-Regular.ttf"; sourceTree = "<group>"; };
		196D95D7294369CC00E1962A /* UIImage+Extension.swift */ = {isa = PBXFileReference; lastKnownFileType = sourcecode.swift; path = "UIImage+Extension.swift"; sourceTree = "<group>"; };
		196D95D929436A4000E1962A /* ImageAsset.swift */ = {isa = PBXFileReference; lastKnownFileType = sourcecode.swift; path = ImageAsset.swift; sourceTree = "<group>"; };
		196D95DB29436CEB00E1962A /* UIColor+Extension.swift */ = {isa = PBXFileReference; lastKnownFileType = sourcecode.swift; path = "UIColor+Extension.swift"; sourceTree = "<group>"; };
		196D95DD29436D2300E1962A /* ColorAsset.swift */ = {isa = PBXFileReference; lastKnownFileType = sourcecode.swift; path = ColorAsset.swift; sourceTree = "<group>"; };
		196D95DF29436DCC00E1962A /* FontAsset.swift */ = {isa = PBXFileReference; lastKnownFileType = sourcecode.swift; path = FontAsset.swift; sourceTree = "<group>"; };
		196D95E129436DFF00E1962A /* UIFont+Extension.swift */ = {isa = PBXFileReference; lastKnownFileType = sourcecode.swift; path = "UIFont+Extension.swift"; sourceTree = "<group>"; };
		1973F417294CC1E5001A357B /* NetworkRouting.swift */ = {isa = PBXFileReference; lastKnownFileType = sourcecode.swift; path = NetworkRouting.swift; sourceTree = "<group>"; };
		197768B4294883E400262AE5 /* UIBlockingProgressHUD.swift */ = {isa = PBXFileReference; lastKnownFileType = sourcecode.swift; path = UIBlockingProgressHUD.swift; sourceTree = "<group>"; };
		19833F402926AA140063D6E9 /* OAuthTokenResponse.swift */ = {isa = PBXFileReference; lastKnownFileType = sourcecode.swift; path = OAuthTokenResponse.swift; sourceTree = "<group>"; };
		19833F422926AC370063D6E9 /* OAuth2Service.swift */ = {isa = PBXFileReference; lastKnownFileType = sourcecode.swift; path = OAuth2Service.swift; sourceTree = "<group>"; };
		19A55A26292B8B32005FF249 /* OAuth2TokenStorage.swift */ = {isa = PBXFileReference; lastKnownFileType = sourcecode.swift; path = OAuth2TokenStorage.swift; sourceTree = "<group>"; };
		19C76ACD28E43CFE0080A069 /* ImagesListCell.swift */ = {isa = PBXFileReference; lastKnownFileType = sourcecode.swift; path = ImagesListCell.swift; sourceTree = "<group>"; };
		19C7FF7F28DC58BC00374BBD /* ImageFeed.app */ = {isa = PBXFileReference; explicitFileType = wrapper.application; includeInIndex = 0; path = ImageFeed.app; sourceTree = BUILT_PRODUCTS_DIR; };
		19C7FF8228DC58BC00374BBD /* AppDelegate.swift */ = {isa = PBXFileReference; lastKnownFileType = sourcecode.swift; path = AppDelegate.swift; sourceTree = "<group>"; };
		19C7FF8428DC58BC00374BBD /* SceneDelegate.swift */ = {isa = PBXFileReference; lastKnownFileType = sourcecode.swift; path = SceneDelegate.swift; sourceTree = "<group>"; };
		19C7FF8628DC58BC00374BBD /* ImagesListViewController.swift */ = {isa = PBXFileReference; lastKnownFileType = sourcecode.swift; path = ImagesListViewController.swift; sourceTree = "<group>"; };
		19C7FF8928DC58BC00374BBD /* Base */ = {isa = PBXFileReference; lastKnownFileType = file.storyboard; name = Base; path = Base.lproj/Main.storyboard; sourceTree = "<group>"; };
		19C7FF8B28DC58BF00374BBD /* Assets.xcassets */ = {isa = PBXFileReference; lastKnownFileType = folder.assetcatalog; path = Assets.xcassets; sourceTree = "<group>"; };
		19C7FF8E28DC58BF00374BBD /* Base */ = {isa = PBXFileReference; lastKnownFileType = file.storyboard; name = Base; path = Base.lproj/LaunchScreen.storyboard; sourceTree = "<group>"; };
		19C7FF9028DC58BF00374BBD /* Info.plist */ = {isa = PBXFileReference; lastKnownFileType = text.plist.xml; path = Info.plist; sourceTree = "<group>"; };
		19D1E68128F43D2A0061BA0C /* SingleImageViewController.swift */ = {isa = PBXFileReference; lastKnownFileType = sourcecode.swift; path = SingleImageViewController.swift; sourceTree = "<group>"; };
		19E12E8D293771F300A7616A /* SplashViewController.swift */ = {isa = PBXFileReference; lastKnownFileType = sourcecode.swift; path = SplashViewController.swift; sourceTree = "<group>"; };
		19E3B6E628E5738C00928689 /* YS Display-Bold.ttf */ = {isa = PBXFileReference; lastKnownFileType = file; path = "YS Display-Bold.ttf"; sourceTree = "<group>"; };
		19E3B6E728E5738D00928689 /* YS Display-Medium.ttf */ = {isa = PBXFileReference; lastKnownFileType = file; path = "YS Display-Medium.ttf"; sourceTree = "<group>"; };
		19EA173528F2D40B0021FBCC /* ProfileViewController.swift */ = {isa = PBXFileReference; lastKnownFileType = sourcecode.swift; path = ProfileViewController.swift; sourceTree = "<group>"; };
/* End PBXFileReference section */

/* Begin PBXFrameworksBuildPhase section */
		19C7FF7C28DC58BC00374BBD /* Frameworks */ = {
			isa = PBXFrameworksBuildPhase;
			buildActionMask = 2147483647;
			files = (
				19176EA42945E0A9001CBEE8 /* ProgressHUD in Frameworks */,
			);
			runOnlyForDeploymentPostprocessing = 0;
		};
/* End PBXFrameworksBuildPhase section */

/* Begin PBXGroup section */
		1950476029213A9700639B75 /* Config */ = {
			isa = PBXGroup;
			children = (
				1950476129213AAB00639B75 /* Constants.swift */,
			);
			path = Config;
			sourceTree = "<group>";
		};
		19504763292144AF00639B75 /* Auth */ = {
			isa = PBXGroup;
			children = (
				19504764292144BE00639B75 /* AuthViewController.swift */,
				19833F422926AC370063D6E9 /* OAuth2Service.swift */,
				19A55A26292B8B32005FF249 /* OAuth2TokenStorage.swift */,
				195047662921454800639B75 /* WebViewViewController.swift */,
				197768B4294883E400262AE5 /* UIBlockingProgressHUD.swift */,
			);
			path = Auth;
			sourceTree = "<group>";
		};
		196D95D62943699500E1962A /* Helpers */ = {
			isa = PBXGroup;
			children = (
				196D95D7294369CC00E1962A /* UIImage+Extension.swift */,
				196D95DB29436CEB00E1962A /* UIColor+Extension.swift */,
				196D95E129436DFF00E1962A /* UIFont+Extension.swift */,
			);
			path = Helpers;
			sourceTree = "<group>";
		};
		1973F416294CC1DC001A357B /* Core */ = {
			isa = PBXGroup;
			children = (
				1973F417294CC1E5001A357B /* NetworkRouting.swift */,
			);
			path = Core;
			sourceTree = "<group>";
		};
		19833F3F2926A9FD0063D6E9 /* Models */ = {
			isa = PBXGroup;
			children = (
				19833F402926AA140063D6E9 /* OAuthTokenResponse.swift */,
			);
			path = Models;
			sourceTree = "<group>";
		};
		1987CCBC28E4293E00102561 /* Resources */ = {
			isa = PBXGroup;
			children = (
				19C7FF8B28DC58BF00374BBD /* Assets.xcassets */,
				196D95D929436A4000E1962A /* ImageAsset.swift */,
				196D95DF29436DCC00E1962A /* FontAsset.swift */,
				196D95DD29436D2300E1962A /* ColorAsset.swift */,
				196656BB28F7EA660097356B /* YS Text-Regular.ttf */,
				19E3B6E628E5738C00928689 /* YS Display-Bold.ttf */,
				19E3B6E728E5738D00928689 /* YS Display-Medium.ttf */,
				19C7FF9028DC58BF00374BBD /* Info.plist */,
			);
			path = Resources;
			sourceTree = "<group>";
		};
		19C76ACF28E43D1A0080A069 /* ImageList */ = {
			isa = PBXGroup;
			children = (
				19C7FF8628DC58BC00374BBD /* ImagesListViewController.swift */,
				19C76ACD28E43CFE0080A069 /* ImagesListCell.swift */,
			);
			path = ImageList;
			sourceTree = "<group>";
		};
		19C7FF7628DC58BC00374BBD = {
			isa = PBXGroup;
			children = (
				19C7FF8128DC58BC00374BBD /* ImageFeed */,
				19C7FF8028DC58BC00374BBD /* Products */,
			);
			sourceTree = "<group>";
		};
		19C7FF8028DC58BC00374BBD /* Products */ = {
			isa = PBXGroup;
			children = (
				19C7FF7F28DC58BC00374BBD /* ImageFeed.app */,
			);
			name = Products;
			sourceTree = "<group>";
		};
		19C7FF8128DC58BC00374BBD /* ImageFeed */ = {
			isa = PBXGroup;
			children = (
				196D95D62943699500E1962A /* Helpers */,
				19833F3F2926A9FD0063D6E9 /* Models */,
				19D1E68028F43D130061BA0C /* SingleImage */,
				1973F416294CC1DC001A357B /* Core */,
				19504763292144AF00639B75 /* Auth */,
				19EA173428F2D3240021FBCC /* Profile */,
				19E12E8C293771D100A7616A /* Splash */,
				1950476029213A9700639B75 /* Config */,
				19C76ACF28E43D1A0080A069 /* ImageList */,
				1987CCBC28E4293E00102561 /* Resources */,
				19C7FF8428DC58BC00374BBD /* SceneDelegate.swift */,
				19C7FF8828DC58BC00374BBD /* Main.storyboard */,
				19C7FF8228DC58BC00374BBD /* AppDelegate.swift */,
				19C7FF8D28DC58BF00374BBD /* LaunchScreen.storyboard */,
			);
			path = ImageFeed;
			sourceTree = "<group>";
		};
		19D1E68028F43D130061BA0C /* SingleImage */ = {
			isa = PBXGroup;
			children = (
				19D1E68128F43D2A0061BA0C /* SingleImageViewController.swift */,
			);
			path = SingleImage;
			sourceTree = "<group>";
		};
		19E12E8C293771D100A7616A /* Splash */ = {
			isa = PBXGroup;
			children = (
				19E12E8D293771F300A7616A /* SplashViewController.swift */,
			);
			path = Splash;
			sourceTree = "<group>";
		};
		19EA173428F2D3240021FBCC /* Profile */ = {
			isa = PBXGroup;
			children = (
				19EA173528F2D40B0021FBCC /* ProfileViewController.swift */,
			);
			path = Profile;
			sourceTree = "<group>";
		};
/* End PBXGroup section */

/* Begin PBXNativeTarget section */
		19C7FF7E28DC58BC00374BBD /* ImageFeed */ = {
			isa = PBXNativeTarget;
			buildConfigurationList = 19C7FF9328DC58BF00374BBD /* Build configuration list for PBXNativeTarget "ImageFeed" */;
			buildPhases = (
				19C7FF7B28DC58BC00374BBD /* Sources */,
				19C7FF7C28DC58BC00374BBD /* Frameworks */,
				19C7FF7D28DC58BC00374BBD /* Resources */,
			);
			buildRules = (
			);
			dependencies = (
			);
			name = ImageFeed;
			packageProductDependencies = (
				19176EA32945E0A9001CBEE8 /* ProgressHUD */,
			);
			productName = ImageFeed;
			productReference = 19C7FF7F28DC58BC00374BBD /* ImageFeed.app */;
			productType = "com.apple.product-type.application";
		};
/* End PBXNativeTarget section */

/* Begin PBXProject section */
		19C7FF7728DC58BC00374BBD /* Project object */ = {
			isa = PBXProject;
			attributes = {
				BuildIndependentTargetsInParallel = 1;
				LastSwiftUpdateCheck = 1340;
				LastUpgradeCheck = 1340;
				TargetAttributes = {
					19C7FF7E28DC58BC00374BBD = {
						CreatedOnToolsVersion = 13.4.1;
					};
				};
			};
			buildConfigurationList = 19C7FF7A28DC58BC00374BBD /* Build configuration list for PBXProject "ImageFeed" */;
			compatibilityVersion = "Xcode 13.0";
			developmentRegion = en;
			hasScannedForEncodings = 0;
			knownRegions = (
				en,
				Base,
			);
			mainGroup = 19C7FF7628DC58BC00374BBD;
			packageReferences = (
				19176EA22945E0A9001CBEE8 /* XCRemoteSwiftPackageReference "ProgressHUD" */,
			);
			productRefGroup = 19C7FF8028DC58BC00374BBD /* Products */;
			projectDirPath = "";
			projectRoot = "";
			targets = (
				19C7FF7E28DC58BC00374BBD /* ImageFeed */,
			);
		};
/* End PBXProject section */

/* Begin PBXResourcesBuildPhase section */
		19C7FF7D28DC58BC00374BBD /* Resources */ = {
			isa = PBXResourcesBuildPhase;
			buildActionMask = 2147483647;
			files = (
				19C7FF8F28DC58BF00374BBD /* LaunchScreen.storyboard in Resources */,
				196656BC28F7EA660097356B /* YS Text-Regular.ttf in Resources */,
				19C7FF8C28DC58BF00374BBD /* Assets.xcassets in Resources */,
				19C7FF8A28DC58BC00374BBD /* Main.storyboard in Resources */,
				19E3B6E828E5738D00928689 /* YS Display-Bold.ttf in Resources */,
				19E3B6E928E5738D00928689 /* YS Display-Medium.ttf in Resources */,
			);
			runOnlyForDeploymentPostprocessing = 0;
		};
/* End PBXResourcesBuildPhase section */

/* Begin PBXSourcesBuildPhase section */
		19C7FF7B28DC58BC00374BBD /* Sources */ = {
			isa = PBXSourcesBuildPhase;
			buildActionMask = 2147483647;
			files = (
				196D95DA29436A4000E1962A /* ImageAsset.swift in Sources */,
				196D95E229436DFF00E1962A /* UIFont+Extension.swift in Sources */,
				19C7FF8728DC58BC00374BBD /* ImagesListViewController.swift in Sources */,
				197768B5294883E400262AE5 /* UIBlockingProgressHUD.swift in Sources */,
				196D95D8294369CC00E1962A /* UIImage+Extension.swift in Sources */,
				19833F432926AC370063D6E9 /* OAuth2Service.swift in Sources */,
				19C76ACE28E43CFE0080A069 /* ImagesListCell.swift in Sources */,
				19833F412926AA140063D6E9 /* OAuthTokenResponse.swift in Sources */,
				1973F418294CC1E5001A357B /* NetworkRouting.swift in Sources */,
				196D95DE29436D2300E1962A /* ColorAsset.swift in Sources */,
				196D95E029436DCC00E1962A /* FontAsset.swift in Sources */,
				19EA173628F2D40B0021FBCC /* ProfileViewController.swift in Sources */,
				196D95DC29436CEB00E1962A /* UIColor+Extension.swift in Sources */,
				19A55A27292B8B32005FF249 /* OAuth2TokenStorage.swift in Sources */,
				19C7FF8328DC58BC00374BBD /* AppDelegate.swift in Sources */,
				19504765292144BE00639B75 /* AuthViewController.swift in Sources */,
				19E12E8E293771F300A7616A /* SplashViewController.swift in Sources */,
				1950476229213AAB00639B75 /* Constants.swift in Sources */,
				19D1E68228F43D2A0061BA0C /* SingleImageViewController.swift in Sources */,
				195047672921454800639B75 /* WebViewViewController.swift in Sources */,
				19C7FF8528DC58BC00374BBD /* SceneDelegate.swift in Sources */,
			);
			runOnlyForDeploymentPostprocessing = 0;
		};
/* End PBXSourcesBuildPhase section */

/* Begin PBXVariantGroup section */
		19C7FF8828DC58BC00374BBD /* Main.storyboard */ = {
			isa = PBXVariantGroup;
			children = (
				19C7FF8928DC58BC00374BBD /* Base */,
			);
			name = Main.storyboard;
			sourceTree = "<group>";
		};
		19C7FF8D28DC58BF00374BBD /* LaunchScreen.storyboard */ = {
			isa = PBXVariantGroup;
			children = (
				19C7FF8E28DC58BF00374BBD /* Base */,
			);
			name = LaunchScreen.storyboard;
			sourceTree = "<group>";
		};
/* End PBXVariantGroup section */

/* Begin XCBuildConfiguration section */
		19C7FF9128DC58BF00374BBD /* Debug */ = {
			isa = XCBuildConfiguration;
			buildSettings = {
				ALWAYS_SEARCH_USER_PATHS = NO;
				CLANG_ANALYZER_NONNULL = YES;
				CLANG_ANALYZER_NUMBER_OBJECT_CONVERSION = YES_AGGRESSIVE;
				CLANG_CXX_LANGUAGE_STANDARD = "gnu++17";
				CLANG_ENABLE_MODULES = YES;
				CLANG_ENABLE_OBJC_ARC = YES;
				CLANG_ENABLE_OBJC_WEAK = YES;
				CLANG_WARN_BLOCK_CAPTURE_AUTORELEASING = YES;
				CLANG_WARN_BOOL_CONVERSION = YES;
				CLANG_WARN_COMMA = YES;
				CLANG_WARN_CONSTANT_CONVERSION = YES;
				CLANG_WARN_DEPRECATED_OBJC_IMPLEMENTATIONS = YES;
				CLANG_WARN_DIRECT_OBJC_ISA_USAGE = YES_ERROR;
				CLANG_WARN_DOCUMENTATION_COMMENTS = YES;
				CLANG_WARN_EMPTY_BODY = YES;
				CLANG_WARN_ENUM_CONVERSION = YES;
				CLANG_WARN_INFINITE_RECURSION = YES;
				CLANG_WARN_INT_CONVERSION = YES;
				CLANG_WARN_NON_LITERAL_NULL_CONVERSION = YES;
				CLANG_WARN_OBJC_IMPLICIT_RETAIN_SELF = YES;
				CLANG_WARN_OBJC_LITERAL_CONVERSION = YES;
				CLANG_WARN_OBJC_ROOT_CLASS = YES_ERROR;
				CLANG_WARN_QUOTED_INCLUDE_IN_FRAMEWORK_HEADER = YES;
				CLANG_WARN_RANGE_LOOP_ANALYSIS = YES;
				CLANG_WARN_STRICT_PROTOTYPES = YES;
				CLANG_WARN_SUSPICIOUS_MOVE = YES;
				CLANG_WARN_UNGUARDED_AVAILABILITY = YES_AGGRESSIVE;
				CLANG_WARN_UNREACHABLE_CODE = YES;
				CLANG_WARN__DUPLICATE_METHOD_MATCH = YES;
				COPY_PHASE_STRIP = NO;
				DEBUG_INFORMATION_FORMAT = dwarf;
				ENABLE_STRICT_OBJC_MSGSEND = YES;
				ENABLE_TESTABILITY = YES;
				GCC_C_LANGUAGE_STANDARD = gnu11;
				GCC_DYNAMIC_NO_PIC = NO;
				GCC_NO_COMMON_BLOCKS = YES;
				GCC_OPTIMIZATION_LEVEL = 0;
				GCC_PREPROCESSOR_DEFINITIONS = (
					"DEBUG=1",
					"$(inherited)",
				);
				GCC_WARN_64_TO_32_BIT_CONVERSION = YES;
				GCC_WARN_ABOUT_RETURN_TYPE = YES_ERROR;
				GCC_WARN_UNDECLARED_SELECTOR = YES;
				GCC_WARN_UNINITIALIZED_AUTOS = YES_AGGRESSIVE;
				GCC_WARN_UNUSED_FUNCTION = YES;
				GCC_WARN_UNUSED_VARIABLE = YES;
				IPHONEOS_DEPLOYMENT_TARGET = 13.0;
				MTL_ENABLE_DEBUG_INFO = INCLUDE_SOURCE;
				MTL_FAST_MATH = YES;
				ONLY_ACTIVE_ARCH = YES;
				SDKROOT = iphoneos;
				SWIFT_ACTIVE_COMPILATION_CONDITIONS = DEBUG;
				SWIFT_OPTIMIZATION_LEVEL = "-Onone";
			};
			name = Debug;
		};
		19C7FF9228DC58BF00374BBD /* Release */ = {
			isa = XCBuildConfiguration;
			buildSettings = {
				ALWAYS_SEARCH_USER_PATHS = NO;
				CLANG_ANALYZER_NONNULL = YES;
				CLANG_ANALYZER_NUMBER_OBJECT_CONVERSION = YES_AGGRESSIVE;
				CLANG_CXX_LANGUAGE_STANDARD = "gnu++17";
				CLANG_ENABLE_MODULES = YES;
				CLANG_ENABLE_OBJC_ARC = YES;
				CLANG_ENABLE_OBJC_WEAK = YES;
				CLANG_WARN_BLOCK_CAPTURE_AUTORELEASING = YES;
				CLANG_WARN_BOOL_CONVERSION = YES;
				CLANG_WARN_COMMA = YES;
				CLANG_WARN_CONSTANT_CONVERSION = YES;
				CLANG_WARN_DEPRECATED_OBJC_IMPLEMENTATIONS = YES;
				CLANG_WARN_DIRECT_OBJC_ISA_USAGE = YES_ERROR;
				CLANG_WARN_DOCUMENTATION_COMMENTS = YES;
				CLANG_WARN_EMPTY_BODY = YES;
				CLANG_WARN_ENUM_CONVERSION = YES;
				CLANG_WARN_INFINITE_RECURSION = YES;
				CLANG_WARN_INT_CONVERSION = YES;
				CLANG_WARN_NON_LITERAL_NULL_CONVERSION = YES;
				CLANG_WARN_OBJC_IMPLICIT_RETAIN_SELF = YES;
				CLANG_WARN_OBJC_LITERAL_CONVERSION = YES;
				CLANG_WARN_OBJC_ROOT_CLASS = YES_ERROR;
				CLANG_WARN_QUOTED_INCLUDE_IN_FRAMEWORK_HEADER = YES;
				CLANG_WARN_RANGE_LOOP_ANALYSIS = YES;
				CLANG_WARN_STRICT_PROTOTYPES = YES;
				CLANG_WARN_SUSPICIOUS_MOVE = YES;
				CLANG_WARN_UNGUARDED_AVAILABILITY = YES_AGGRESSIVE;
				CLANG_WARN_UNREACHABLE_CODE = YES;
				CLANG_WARN__DUPLICATE_METHOD_MATCH = YES;
				COPY_PHASE_STRIP = NO;
				DEBUG_INFORMATION_FORMAT = "dwarf-with-dsym";
				ENABLE_NS_ASSERTIONS = NO;
				ENABLE_STRICT_OBJC_MSGSEND = YES;
				GCC_C_LANGUAGE_STANDARD = gnu11;
				GCC_NO_COMMON_BLOCKS = YES;
				GCC_WARN_64_TO_32_BIT_CONVERSION = YES;
				GCC_WARN_ABOUT_RETURN_TYPE = YES_ERROR;
				GCC_WARN_UNDECLARED_SELECTOR = YES;
				GCC_WARN_UNINITIALIZED_AUTOS = YES_AGGRESSIVE;
				GCC_WARN_UNUSED_FUNCTION = YES;
				GCC_WARN_UNUSED_VARIABLE = YES;
				IPHONEOS_DEPLOYMENT_TARGET = 13.0;
				MTL_ENABLE_DEBUG_INFO = NO;
				MTL_FAST_MATH = YES;
				SDKROOT = iphoneos;
				SWIFT_COMPILATION_MODE = wholemodule;
				SWIFT_OPTIMIZATION_LEVEL = "-O";
				VALIDATE_PRODUCT = YES;
			};
			name = Release;
		};
		19C7FF9428DC58BF00374BBD /* Debug */ = {
			isa = XCBuildConfiguration;
			buildSettings = {
				ASSETCATALOG_COMPILER_APPICON_NAME = AppIcon;
				ASSETCATALOG_COMPILER_GLOBAL_ACCENT_COLOR_NAME = AccentColor;
				CODE_SIGN_STYLE = Automatic;
				CURRENT_PROJECT_VERSION = 1;
				DEVELOPMENT_TEAM = 275UNJTZR3;
				GENERATE_INFOPLIST_FILE = YES;
				INFOPLIST_FILE = ImageFeed/Resources/Info.plist;
				INFOPLIST_KEY_UIApplicationSupportsIndirectInputEvents = YES;
				INFOPLIST_KEY_UILaunchStoryboardName = LaunchScreen;
				INFOPLIST_KEY_UIMainStoryboardFile = Main;
				INFOPLIST_KEY_UISupportedInterfaceOrientations = UIInterfaceOrientationPortrait;
				INFOPLIST_KEY_UISupportedInterfaceOrientations_iPad = "UIInterfaceOrientationPortrait UIInterfaceOrientationPortraitUpsideDown UIInterfaceOrientationLandscapeLeft UIInterfaceOrientationLandscapeRight";
				INFOPLIST_KEY_UISupportedInterfaceOrientations_iPhone = "UIInterfaceOrientationPortrait UIInterfaceOrientationLandscapeLeft UIInterfaceOrientationLandscapeRight";
				IPHONEOS_DEPLOYMENT_TARGET = 13.0;
				LD_RUNPATH_SEARCH_PATHS = (
					"$(inherited)",
					"@executable_path/Frameworks",
				);
				MARKETING_VERSION = 1.0;
				PRODUCT_BUNDLE_IDENTIFIER = ru.khitrind.practicum.ImageFeed;
				PRODUCT_NAME = "$(TARGET_NAME)";
				SWIFT_EMIT_LOC_STRINGS = YES;
				SWIFT_VERSION = 5.0;
				TARGETED_DEVICE_FAMILY = 1;
			};
			name = Debug;
		};
		19C7FF9528DC58BF00374BBD /* Release */ = {
			isa = XCBuildConfiguration;
			buildSettings = {
				ASSETCATALOG_COMPILER_APPICON_NAME = AppIcon;
				ASSETCATALOG_COMPILER_GLOBAL_ACCENT_COLOR_NAME = AccentColor;
				CODE_SIGN_STYLE = Automatic;
				CURRENT_PROJECT_VERSION = 1;
				DEVELOPMENT_TEAM = 275UNJTZR3;
				GENERATE_INFOPLIST_FILE = YES;
				INFOPLIST_FILE = ImageFeed/Resources/Info.plist;
				INFOPLIST_KEY_UIApplicationSupportsIndirectInputEvents = YES;
				INFOPLIST_KEY_UILaunchStoryboardName = LaunchScreen;
				INFOPLIST_KEY_UIMainStoryboardFile = Main;
				INFOPLIST_KEY_UISupportedInterfaceOrientations = UIInterfaceOrientationPortrait;
				INFOPLIST_KEY_UISupportedInterfaceOrientations_iPad = "UIInterfaceOrientationPortrait UIInterfaceOrientationPortraitUpsideDown UIInterfaceOrientationLandscapeLeft UIInterfaceOrientationLandscapeRight";
				INFOPLIST_KEY_UISupportedInterfaceOrientations_iPhone = "UIInterfaceOrientationPortrait UIInterfaceOrientationLandscapeLeft UIInterfaceOrientationLandscapeRight";
				IPHONEOS_DEPLOYMENT_TARGET = 13.0;
				LD_RUNPATH_SEARCH_PATHS = (
					"$(inherited)",
					"@executable_path/Frameworks",
				);
				MARKETING_VERSION = 1.0;
				PRODUCT_BUNDLE_IDENTIFIER = ru.khitrind.practicum.ImageFeed;
				PRODUCT_NAME = "$(TARGET_NAME)";
				SWIFT_EMIT_LOC_STRINGS = YES;
				SWIFT_VERSION = 5.0;
				TARGETED_DEVICE_FAMILY = 1;
			};
			name = Release;
		};
/* End XCBuildConfiguration section */

/* Begin XCConfigurationList section */
		19C7FF7A28DC58BC00374BBD /* Build configuration list for PBXProject "ImageFeed" */ = {
			isa = XCConfigurationList;
			buildConfigurations = (
				19C7FF9128DC58BF00374BBD /* Debug */,
				19C7FF9228DC58BF00374BBD /* Release */,
			);
			defaultConfigurationIsVisible = 0;
			defaultConfigurationName = Release;
		};
		19C7FF9328DC58BF00374BBD /* Build configuration list for PBXNativeTarget "ImageFeed" */ = {
			isa = XCConfigurationList;
			buildConfigurations = (
				19C7FF9428DC58BF00374BBD /* Debug */,
				19C7FF9528DC58BF00374BBD /* Release */,
			);
			defaultConfigurationIsVisible = 0;
			defaultConfigurationName = Release;
		};
/* End XCConfigurationList section */

/* Begin XCRemoteSwiftPackageReference section */
		19176EA22945E0A9001CBEE8 /* XCRemoteSwiftPackageReference "ProgressHUD" */ = {
			isa = XCRemoteSwiftPackageReference;
			repositoryURL = "https://github.com/relatedcode/ProgressHUD";
			requirement = {
				kind = upToNextMajorVersion;
				minimumVersion = 13.0.0;
			};
		};
/* End XCRemoteSwiftPackageReference section */

/* Begin XCSwiftPackageProductDependency section */
		19176EA32945E0A9001CBEE8 /* ProgressHUD */ = {
			isa = XCSwiftPackageProductDependency;
			package = 19176EA22945E0A9001CBEE8 /* XCRemoteSwiftPackageReference "ProgressHUD" */;
			productName = ProgressHUD;
		};
/* End XCSwiftPackageProductDependency section */
	};
	rootObject = 19C7FF7728DC58BC00374BBD /* Project object */;
}
